
Microsoft Visual Studio Solution File, Format Version 12.00
# Visual Studio Version 17
VisualStudioVersion = 17.4.33205.214
MinimumVisualStudioVersion = 10.0.40219.1
Project("{FAE04EC0-301F-11D3-BF4B-00C04F79EFBC}") = "junior15", "junior15\junior15.csproj", "{9672EB90-C70F-460E-814E-605FD2629331}"
EndProject
Global
	GlobalSection(SolutionConfigurationPlatforms) = preSolution
		Debug|Any CPU = Debug|Any CPU
		Release|Any CPU = Release|Any CPU
	EndGlobalSection
	GlobalSection(ProjectConfigurationPlatforms) = postSolution
		{9672EB90-C70F-460E-814E-605FD2629331}.Debug|Any CPU.ActiveCfg = Debug|Any CPU
		{9672EB90-C70F-460E-814E-605FD2629331}.Debug|Any CPU.Build.0 = Debug|Any CPU
		{9672EB90-C70F-460E-814E-605FD2629331}.Release|Any CPU.ActiveCfg = Release|Any CPU
		{9672EB90-C70F-460E-814E-605FD2629331}.Release|Any CPU.Build.0 = Release|Any CPU
	EndGlobalSection
	GlobalSection(SolutionProperties) = preSolution
		HideSolutionNode = FALSE
	EndGlobalSection
	GlobalSection(ExtensibilityGlobals) = postSolution
		SolutionGuid = {F27B0D6D-CEDA-4DC1-8497-7F3FD429E662}
	EndGlobalSection
EndGlobal
